
Microsoft Visual Studio Solution File, Format Version 12.00
# Visual Studio 15
VisualStudioVersion = 15.0.27130.2010
MinimumVisualStudioVersion = 10.0.40219.1
Project("{FAE04EC0-301F-11D3-BF4B-00C04F79EFBC}") = "OCRTrans", "OCRTrans\OCRTrans.csproj", "{845353DC-363C-430B-B44C-EC77358B92EF}"
EndProject
Global
	GlobalSection(SolutionConfigurationPlatforms) = preSolution
		Debug|Any CPU = Debug|Any CPU
		Release|Any CPU = Release|Any CPU
	EndGlobalSection
	GlobalSection(ProjectConfigurationPlatforms) = postSolution
		{845353DC-363C-430B-B44C-EC77358B92EF}.Debug|Any CPU.ActiveCfg = Debug|Any CPU
		{845353DC-363C-430B-B44C-EC77358B92EF}.Debug|Any CPU.Build.0 = Debug|Any CPU
		{845353DC-363C-430B-B44C-EC77358B92EF}.Release|Any CPU.ActiveCfg = Release|Any CPU
		{845353DC-363C-430B-B44C-EC77358B92EF}.Release|Any CPU.Build.0 = Release|Any CPU
	EndGlobalSection
	GlobalSection(SolutionProperties) = preSolution
		HideSolutionNode = FALSE
	EndGlobalSection
	GlobalSection(ExtensibilityGlobals) = postSolution
		SolutionGuid = {3E63BD8D-016C-4E95-AA5B-30BD3B089EFD}
	EndGlobalSection
EndGlobal
